// !$*UTF8*$!
{
	archiveVersion = 1;
	classes = {
	};
	objectVersion = 46;
	objects = {

/* Begin PBXBuildFile section */
		9F1C55FD1AD30CBF0028B654 /* main.m in Sources */ = {isa = PBXBuildFile; fileRef = 9F1C55FC1AD30CBF0028B654 /* main.m */; };
		9F1C56001AD30CBF0028B654 /* DRVAppDelegate.m in Sources */ = {isa = PBXBuildFile; fileRef = 9F1C55FF1AD30CBF0028B654 /* DRVAppDelegate.m */; };
		9F1C56081AD30CBF0028B654 /* Images.xcassets in Resources */ = {isa = PBXBuildFile; fileRef = 9F1C56071AD30CBF0028B654 /* Images.xcassets */; };
		9F1C560B1AD30CBF0028B654 /* LaunchScreen.xib in Resources */ = {isa = PBXBuildFile; fileRef = 9F1C56091AD30CBF0028B654 /* LaunchScreen.xib */; };
		9F1C56211AD30D210028B654 /* CountryPickerUserStory.storyboard in Resources */ = {isa = PBXBuildFile; fileRef = 9F1C56201AD30D210028B654 /* CountryPickerUserStory.storyboard */; };
		9F1C56271AD310370028B654 /* DRVCountryPickerViewController.m in Sources */ = {isa = PBXBuildFile; fileRef = 9F1C56261AD310370028B654 /* DRVCountryPickerViewController.m */; };
		9F1C562A1AD3114E0028B654 /* caredrive-map.mbtiles in Resources */ = {isa = PBXBuildFile; fileRef = 9F1C56291AD3114E0028B654 /* caredrive-map.mbtiles */; };
		9F1C562F1ADA7D290028B654 /* DRVCountryPickerPresenter.m in Sources */ = {isa = PBXBuildFile; fileRef = 9F1C562E1ADA7D290028B654 /* DRVCountryPickerPresenter.m */; };
		9F1C56331ADA7D440028B654 /* DRVCountryPickerInteractor.m in Sources */ = {isa = PBXBuildFile; fileRef = 9F1C56321ADA7D440028B654 /* DRVCountryPickerInteractor.m */; };
		9F1C56381ADA7FE90028B654 /* DRVCountryPickerPresenterTests.m in Sources */ = {isa = PBXBuildFile; fileRef = 9F1C56371ADA7FE90028B654 /* DRVCountryPickerPresenterTests.m */; };
		9F1C563C1ADA80070028B654 /* DRVCountryPickerPresenter.m in Sources */ = {isa = PBXBuildFile; fileRef = 9F1C562E1ADA7D290028B654 /* DRVCountryPickerPresenter.m */; };
		E1EEBA107A5A729B2EA09AA7 /* libPods.a in Frameworks */ = {isa = PBXBuildFile; fileRef = 65754A06480B207EB6A12BEA /* libPods.a */; };
		EBFA1AB8DE2D1866BDC98862 /* libPods-test.a in Frameworks */ = {isa = PBXBuildFile; fileRef = FB66F014828E08D6517A8E0F /* libPods-test.a */; };
/* End PBXBuildFile section */

/* Begin PBXContainerItemProxy section */
		9F1C56111AD30CBF0028B654 /* PBXContainerItemProxy */ = {
			isa = PBXContainerItemProxy;
			containerPortal = 9F1C55EF1AD30CBF0028B654 /* Project object */;
			proxyType = 1;
			remoteGlobalIDString = 9F1C55F61AD30CBF0028B654;
			remoteInfo = CareDrive;
		};
/* End PBXContainerItemProxy section */

/* Begin PBXFileReference section */
		65754A06480B207EB6A12BEA /* libPods.a */ = {isa = PBXFileReference; explicitFileType = archive.ar; includeInIndex = 0; path = libPods.a; sourceTree = BUILT_PRODUCTS_DIR; };
		65F67E4487ACB64CEEA9771F /* Pods-test.release.xcconfig */ = {isa = PBXFileReference; includeInIndex = 1; lastKnownFileType = text.xcconfig; name = "Pods-test.release.xcconfig"; path = "Pods/Target Support Files/Pods-test/Pods-test.release.xcconfig"; sourceTree = "<group>"; };
		9F1C55F71AD30CBF0028B654 /* CareDrive.app */ = {isa = PBXFileReference; explicitFileType = wrapper.application; includeInIndex = 0; path = CareDrive.app; sourceTree = BUILT_PRODUCTS_DIR; };
		9F1C55FB1AD30CBF0028B654 /* Info.plist */ = {isa = PBXFileReference; lastKnownFileType = text.plist.xml; path = Info.plist; sourceTree = "<group>"; };
		9F1C55FC1AD30CBF0028B654 /* main.m */ = {isa = PBXFileReference; lastKnownFileType = sourcecode.c.objc; path = main.m; sourceTree = "<group>"; };
		9F1C55FE1AD30CBF0028B654 /* DRVAppDelegate.h */ = {isa = PBXFileReference; lastKnownFileType = sourcecode.c.h; path = DRVAppDelegate.h; sourceTree = "<group>"; };
		9F1C55FF1AD30CBF0028B654 /* DRVAppDelegate.m */ = {isa = PBXFileReference; lastKnownFileType = sourcecode.c.objc; path = DRVAppDelegate.m; sourceTree = "<group>"; };
		9F1C56071AD30CBF0028B654 /* Images.xcassets */ = {isa = PBXFileReference; lastKnownFileType = folder.assetcatalog; path = Images.xcassets; sourceTree = "<group>"; };
		9F1C560A1AD30CBF0028B654 /* Base */ = {isa = PBXFileReference; lastKnownFileType = file.xib; name = Base; path = Base.lproj/LaunchScreen.xib; sourceTree = "<group>"; };
		9F1C56101AD30CBF0028B654 /* CareDriveTests.xctest */ = {isa = PBXFileReference; explicitFileType = wrapper.cfbundle; includeInIndex = 0; path = CareDriveTests.xctest; sourceTree = BUILT_PRODUCTS_DIR; };
		9F1C56151AD30CBF0028B654 /* Info.plist */ = {isa = PBXFileReference; lastKnownFileType = text.plist.xml; path = Info.plist; sourceTree = "<group>"; };
		9F1C56201AD30D210028B654 /* CountryPickerUserStory.storyboard */ = {isa = PBXFileReference; fileEncoding = 4; lastKnownFileType = file.storyboard; path = CountryPickerUserStory.storyboard; sourceTree = "<group>"; };
		9F1C56251AD310370028B654 /* DRVCountryPickerViewController.h */ = {isa = PBXFileReference; fileEncoding = 4; lastKnownFileType = sourcecode.c.h; path = DRVCountryPickerViewController.h; sourceTree = "<group>"; };
		9F1C56261AD310370028B654 /* DRVCountryPickerViewController.m */ = {isa = PBXFileReference; fileEncoding = 4; lastKnownFileType = sourcecode.c.objc; path = DRVCountryPickerViewController.m; sourceTree = "<group>"; };
		9F1C56291AD3114E0028B654 /* caredrive-map.mbtiles */ = {isa = PBXFileReference; lastKnownFileType = file; path = "caredrive-map.mbtiles"; sourceTree = "<group>"; };
		9F1C562D1ADA7D290028B654 /* DRVCountryPickerPresenter.h */ = {isa = PBXFileReference; fileEncoding = 4; lastKnownFileType = sourcecode.c.h; path = DRVCountryPickerPresenter.h; sourceTree = "<group>"; };
		9F1C562E1ADA7D290028B654 /* DRVCountryPickerPresenter.m */ = {isa = PBXFileReference; fileEncoding = 4; lastKnownFileType = sourcecode.c.objc; path = DRVCountryPickerPresenter.m; sourceTree = "<group>"; };
		9F1C56311ADA7D440028B654 /* DRVCountryPickerInteractor.h */ = {isa = PBXFileReference; fileEncoding = 4; lastKnownFileType = sourcecode.c.h; path = DRVCountryPickerInteractor.h; sourceTree = "<group>"; };
		9F1C56321ADA7D440028B654 /* DRVCountryPickerInteractor.m */ = {isa = PBXFileReference; fileEncoding = 4; lastKnownFileType = sourcecode.c.objc; path = DRVCountryPickerInteractor.m; sourceTree = "<group>"; };
		9F1C56351ADA7D920028B654 /* DRVCountryPickerView.h */ = {isa = PBXFileReference; fileEncoding = 4; lastKnownFileType = sourcecode.c.h; path = DRVCountryPickerView.h; sourceTree = "<group>"; };
		9F1C56361ADA7DF30028B654 /* DRVCountryPickerInteractorIO.h */ = {isa = PBXFileReference; fileEncoding = 4; lastKnownFileType = sourcecode.c.h; path = DRVCountryPickerInteractorIO.h; sourceTree = "<group>"; };
		9F1C56371ADA7FE90028B654 /* DRVCountryPickerPresenterTests.m */ = {isa = PBXFileReference; fileEncoding = 4; lastKnownFileType = sourcecode.c.objc; path = DRVCountryPickerPresenterTests.m; sourceTree = "<group>"; };
		D05404672C0C5B5C80150DE9 /* Pods.debug.xcconfig */ = {isa = PBXFileReference; includeInIndex = 1; lastKnownFileType = text.xcconfig; name = Pods.debug.xcconfig; path = "Pods/Target Support Files/Pods/Pods.debug.xcconfig"; sourceTree = "<group>"; };
		D4854978D81DEA5768835AD2 /* Pods-test.debug.xcconfig */ = {isa = PBXFileReference; includeInIndex = 1; lastKnownFileType = text.xcconfig; name = "Pods-test.debug.xcconfig"; path = "Pods/Target Support Files/Pods-test/Pods-test.debug.xcconfig"; sourceTree = "<group>"; };
		DBDAE3162BABAB75865621D5 /* Pods.release.xcconfig */ = {isa = PBXFileReference; includeInIndex = 1; lastKnownFileType = text.xcconfig; name = Pods.release.xcconfig; path = "Pods/Target Support Files/Pods/Pods.release.xcconfig"; sourceTree = "<group>"; };
		FB66F014828E08D6517A8E0F /* libPods-test.a */ = {isa = PBXFileReference; explicitFileType = archive.ar; includeInIndex = 0; path = "libPods-test.a"; sourceTree = BUILT_PRODUCTS_DIR; };
/* End PBXFileReference section */

/* Begin PBXFrameworksBuildPhase section */
		9F1C55F41AD30CBF0028B654 /* Frameworks */ = {
			isa = PBXFrameworksBuildPhase;
			buildActionMask = 2147483647;
			files = (
				E1EEBA107A5A729B2EA09AA7 /* libPods.a in Frameworks */,
			);
			runOnlyForDeploymentPostprocessing = 0;
		};
		9F1C560D1AD30CBF0028B654 /* Frameworks */ = {
			isa = PBXFrameworksBuildPhase;
			buildActionMask = 2147483647;
			files = (
				EBFA1AB8DE2D1866BDC98862 /* libPods-test.a in Frameworks */,
			);
			runOnlyForDeploymentPostprocessing = 0;
		};
/* End PBXFrameworksBuildPhase section */

/* Begin PBXGroup section */
		190C0367687EB8C598CC4764 /* Pods */ = {
			isa = PBXGroup;
			children = (
				D05404672C0C5B5C80150DE9 /* Pods.debug.xcconfig */,
				DBDAE3162BABAB75865621D5 /* Pods.release.xcconfig */,
				D4854978D81DEA5768835AD2 /* Pods-test.debug.xcconfig */,
				65F67E4487ACB64CEEA9771F /* Pods-test.release.xcconfig */,
			);
			name = Pods;
			sourceTree = "<group>";
		};
		9F1C55EE1AD30CBF0028B654 = {
			isa = PBXGroup;
			children = (
				9F1C55F91AD30CBF0028B654 /* CareDrive */,
				9F1C56131AD30CBF0028B654 /* CareDriveTests */,
				9F1C55F81AD30CBF0028B654 /* Products */,
				190C0367687EB8C598CC4764 /* Pods */,
				EB04F4624F86DC6DBCBECCEA /* Frameworks */,
			);
			sourceTree = "<group>";
		};
		9F1C55F81AD30CBF0028B654 /* Products */ = {
			isa = PBXGroup;
			children = (
				9F1C55F71AD30CBF0028B654 /* CareDrive.app */,
				9F1C56101AD30CBF0028B654 /* CareDriveTests.xctest */,
			);
			name = Products;
			sourceTree = "<group>";
		};
		9F1C55F91AD30CBF0028B654 /* CareDrive */ = {
			isa = PBXGroup;
			children = (
				9F1C55FE1AD30CBF0028B654 /* DRVAppDelegate.h */,
				9F1C55FF1AD30CBF0028B654 /* DRVAppDelegate.m */,
				9F1C56221AD30D260028B654 /* Userstories */,
				9F1C562B1AD311500028B654 /* Resources */,
				9F1C56071AD30CBF0028B654 /* Images.xcassets */,
				9F1C56091AD30CBF0028B654 /* LaunchScreen.xib */,
				9F1C55FA1AD30CBF0028B654 /* Supporting Files */,
			);
			path = CareDrive;
			sourceTree = "<group>";
		};
		9F1C55FA1AD30CBF0028B654 /* Supporting Files */ = {
			isa = PBXGroup;
			children = (
				9F1C55FB1AD30CBF0028B654 /* Info.plist */,
				9F1C55FC1AD30CBF0028B654 /* main.m */,
			);
			name = "Supporting Files";
			sourceTree = "<group>";
		};
		9F1C56131AD30CBF0028B654 /* CareDriveTests */ = {
			isa = PBXGroup;
			children = (
				9F1C56141AD30CBF0028B654 /* Supporting Files */,
				9F1C56391ADA7FEC0028B654 /* Userstories */,
			);
			path = CareDriveTests;
			sourceTree = "<group>";
		};
		9F1C56141AD30CBF0028B654 /* Supporting Files */ = {
			isa = PBXGroup;
			children = (
				9F1C56151AD30CBF0028B654 /* Info.plist */,
			);
			name = "Supporting Files";
			sourceTree = "<group>";
		};
		9F1C56221AD30D260028B654 /* Userstories */ = {
			isa = PBXGroup;
			children = (
				9F1C56231AD30D300028B654 /* CountryPickerUserStory */,
			);
			name = Userstories;
			sourceTree = "<group>";
		};
		9F1C56231AD30D300028B654 /* CountryPickerUserStory */ = {
			isa = PBXGroup;
			children = (
				9F1C56241AD30D3B0028B654 /* Storyboard */,
				9F1C56281AD3103B0028B654 /* Controllers */,
				9F1C56301ADA7D2B0028B654 /* Presenters */,
				9F1C56341ADA7D480028B654 /* Interactors */,
			);
			name = CountryPickerUserStory;
			sourceTree = "<group>";
		};
		9F1C56241AD30D3B0028B654 /* Storyboard */ = {
			isa = PBXGroup;
			children = (
				9F1C56201AD30D210028B654 /* CountryPickerUserStory.storyboard */,
			);
			name = Storyboard;
			sourceTree = "<group>";
		};
		9F1C56281AD3103B0028B654 /* Controllers */ = {
			isa = PBXGroup;
			children = (
				9F1C56251AD310370028B654 /* DRVCountryPickerViewController.h */,
				9F1C56261AD310370028B654 /* DRVCountryPickerViewController.m */,
				9F1C56351ADA7D920028B654 /* DRVCountryPickerView.h */,
			);
			name = Controllers;
			sourceTree = "<group>";
		};
		9F1C562B1AD311500028B654 /* Resources */ = {
			isa = PBXGroup;
			children = (
				9F1C562C1AD311590028B654 /* Map */,
			);
			name = Resources;
			sourceTree = "<group>";
		};
		9F1C562C1AD311590028B654 /* Map */ = {
			isa = PBXGroup;
			children = (
				9F1C56291AD3114E0028B654 /* caredrive-map.mbtiles */,
			);
			name = Map;
			sourceTree = "<group>";
		};
		9F1C56301ADA7D2B0028B654 /* Presenters */ = {
			isa = PBXGroup;
			children = (
				9F1C562D1ADA7D290028B654 /* DRVCountryPickerPresenter.h */,
				9F1C562E1ADA7D290028B654 /* DRVCountryPickerPresenter.m */,
			);
			name = Presenters;
			sourceTree = "<group>";
		};
		9F1C56341ADA7D480028B654 /* Interactors */ = {
			isa = PBXGroup;
			children = (
				9F1C56311ADA7D440028B654 /* DRVCountryPickerInteractor.h */,
				9F1C56321ADA7D440028B654 /* DRVCountryPickerInteractor.m */,
				9F1C56361ADA7DF30028B654 /* DRVCountryPickerInteractorIO.h */,
			);
			name = Interactors;
			sourceTree = "<group>";
		};
		9F1C56391ADA7FEC0028B654 /* Userstories */ = {
			isa = PBXGroup;
			children = (
				9F1C563A1ADA7FF50028B654 /* CountryPickerUserStory */,
			);
			name = Userstories;
			sourceTree = "<group>";
		};
		9F1C563A1ADA7FF50028B654 /* CountryPickerUserStory */ = {
			isa = PBXGroup;
			children = (
				9F1C563B1ADA80000028B654 /* Presenters */,
			);
			name = CountryPickerUserStory;
			sourceTree = "<group>";
		};
		9F1C563B1ADA80000028B654 /* Presenters */ = {
			isa = PBXGroup;
			children = (
				9F1C56371ADA7FE90028B654 /* DRVCountryPickerPresenterTests.m */,
			);
			name = Presenters;
			sourceTree = "<group>";
		};
		EB04F4624F86DC6DBCBECCEA /* Frameworks */ = {
			isa = PBXGroup;
			children = (
				65754A06480B207EB6A12BEA /* libPods.a */,
				FB66F014828E08D6517A8E0F /* libPods-test.a */,
			);
			name = Frameworks;
			sourceTree = "<group>";
		};
/* End PBXGroup section */

/* Begin PBXNativeTarget section */
		9F1C55F61AD30CBF0028B654 /* CareDrive */ = {
			isa = PBXNativeTarget;
			buildConfigurationList = 9F1C561A1AD30CBF0028B654 /* Build configuration list for PBXNativeTarget "CareDrive" */;
			buildPhases = (
				C27C314EFF5E945BFB0C2D98 /* Check Pods Manifest.lock */,
				9F1C55F31AD30CBF0028B654 /* Sources */,
				9F1C55F41AD30CBF0028B654 /* Frameworks */,
				9F1C55F51AD30CBF0028B654 /* Resources */,
				BC50B7D120F5FF0CF32836FF /* Copy Pods Resources */,
			);
			buildRules = (
			);
			dependencies = (
			);
			name = CareDrive;
			productName = CareDrive;
			productReference = 9F1C55F71AD30CBF0028B654 /* CareDrive.app */;
			productType = "com.apple.product-type.application";
		};
		9F1C560F1AD30CBF0028B654 /* CareDriveTests */ = {
			isa = PBXNativeTarget;
			buildConfigurationList = 9F1C561D1AD30CBF0028B654 /* Build configuration list for PBXNativeTarget "CareDriveTests" */;
			buildPhases = (
				795C6BF1E5FCFA7AD01CD3D8 /* Check Pods Manifest.lock */,
				9F1C560C1AD30CBF0028B654 /* Sources */,
				9F1C560D1AD30CBF0028B654 /* Frameworks */,
				9F1C560E1AD30CBF0028B654 /* Resources */,
				7AC98D36DC3D8F4EB282C87D /* Copy Pods Resources */,
			);
			buildRules = (
			);
			dependencies = (
				9F1C56121AD30CBF0028B654 /* PBXTargetDependency */,
			);
			name = CareDriveTests;
			productName = CareDriveTests;
			productReference = 9F1C56101AD30CBF0028B654 /* CareDriveTests.xctest */;
			productType = "com.apple.product-type.bundle.unit-test";
		};
/* End PBXNativeTarget section */

/* Begin PBXProject section */
		9F1C55EF1AD30CBF0028B654 /* Project object */ = {
			isa = PBXProject;
			attributes = {
				CLASSPREFIX = DRV;
				LastUpgradeCheck = 0610;
				ORGANIZATIONNAME = "Egor Tolstoy";
				TargetAttributes = {
					9F1C55F61AD30CBF0028B654 = {
						CreatedOnToolsVersion = 6.1.1;
					};
					9F1C560F1AD30CBF0028B654 = {
						CreatedOnToolsVersion = 6.1.1;
						TestTargetID = 9F1C55F61AD30CBF0028B654;
					};
				};
			};
			buildConfigurationList = 9F1C55F21AD30CBF0028B654 /* Build configuration list for PBXProject "CareDrive" */;
			compatibilityVersion = "Xcode 3.2";
			developmentRegion = English;
			hasScannedForEncodings = 0;
			knownRegions = (
				en,
				Base,
			);
			mainGroup = 9F1C55EE1AD30CBF0028B654;
			productRefGroup = 9F1C55F81AD30CBF0028B654 /* Products */;
			projectDirPath = "";
			projectRoot = "";
			targets = (
				9F1C55F61AD30CBF0028B654 /* CareDrive */,
				9F1C560F1AD30CBF0028B654 /* CareDriveTests */,
			);
		};
/* End PBXProject section */

/* Begin PBXResourcesBuildPhase section */
		9F1C55F51AD30CBF0028B654 /* Resources */ = {
			isa = PBXResourcesBuildPhase;
			buildActionMask = 2147483647;
			files = (
				9F1C560B1AD30CBF0028B654 /* LaunchScreen.xib in Resources */,
				9F1C56081AD30CBF0028B654 /* Images.xcassets in Resources */,
				9F1C56211AD30D210028B654 /* CountryPickerUserStory.storyboard in Resources */,
				9F1C562A1AD3114E0028B654 /* caredrive-map.mbtiles in Resources */,
			);
			runOnlyForDeploymentPostprocessing = 0;
		};
		9F1C560E1AD30CBF0028B654 /* Resources */ = {
			isa = PBXResourcesBuildPhase;
			buildActionMask = 2147483647;
			files = (
			);
			runOnlyForDeploymentPostprocessing = 0;
		};
/* End PBXResourcesBuildPhase section */

/* Begin PBXShellScriptBuildPhase section */
		795C6BF1E5FCFA7AD01CD3D8 /* Check Pods Manifest.lock */ = {
			isa = PBXShellScriptBuildPhase;
			buildActionMask = 2147483647;
			files = (
			);
			inputPaths = (
			);
			name = "Check Pods Manifest.lock";
			outputPaths = (
			);
			runOnlyForDeploymentPostprocessing = 0;
			shellPath = /bin/sh;
			shellScript = "diff \"${PODS_ROOT}/../Podfile.lock\" \"${PODS_ROOT}/Manifest.lock\" > /dev/null\nif [[ $? != 0 ]] ; then\n    cat << EOM\nerror: The sandbox is not in sync with the Podfile.lock. Run 'pod install' or update your CocoaPods installation.\nEOM\n    exit 1\nfi\n";
			showEnvVarsInLog = 0;
		};
		7AC98D36DC3D8F4EB282C87D /* Copy Pods Resources */ = {
			isa = PBXShellScriptBuildPhase;
			buildActionMask = 2147483647;
			files = (
			);
			inputPaths = (
			);
			name = "Copy Pods Resources";
			outputPaths = (
			);
			runOnlyForDeploymentPostprocessing = 0;
			shellPath = /bin/sh;
			shellScript = "\"${SRCROOT}/Pods/Target Support Files/Pods-test/Pods-test-resources.sh\"\n";
			showEnvVarsInLog = 0;
		};
		BC50B7D120F5FF0CF32836FF /* Copy Pods Resources */ = {
			isa = PBXShellScriptBuildPhase;
			buildActionMask = 2147483647;
			files = (
			);
			inputPaths = (
			);
			name = "Copy Pods Resources";
			outputPaths = (
			);
			runOnlyForDeploymentPostprocessing = 0;
			shellPath = /bin/sh;
			shellScript = "\"${SRCROOT}/Pods/Target Support Files/Pods/Pods-resources.sh\"\n";
			showEnvVarsInLog = 0;
		};
		C27C314EFF5E945BFB0C2D98 /* Check Pods Manifest.lock */ = {
			isa = PBXShellScriptBuildPhase;
			buildActionMask = 2147483647;
			files = (
			);
			inputPaths = (
			);
			name = "Check Pods Manifest.lock";
			outputPaths = (
			);
			runOnlyForDeploymentPostprocessing = 0;
			shellPath = /bin/sh;
			shellScript = "diff \"${PODS_ROOT}/../Podfile.lock\" \"${PODS_ROOT}/Manifest.lock\" > /dev/null\nif [[ $? != 0 ]] ; then\n    cat << EOM\nerror: The sandbox is not in sync with the Podfile.lock. Run 'pod install' or update your CocoaPods installation.\nEOM\n    exit 1\nfi\n";
			showEnvVarsInLog = 0;
		};
/* End PBXShellScriptBuildPhase section */

/* Begin PBXSourcesBuildPhase section */
		9F1C55F31AD30CBF0028B654 /* Sources */ = {
			isa = PBXSourcesBuildPhase;
			buildActionMask = 2147483647;
			files = (
				9F1C56331ADA7D440028B654 /* DRVCountryPickerInteractor.m in Sources */,
				9F1C562F1ADA7D290028B654 /* DRVCountryPickerPresenter.m in Sources */,
				9F1C56001AD30CBF0028B654 /* DRVAppDelegate.m in Sources */,
				9F1C56271AD310370028B654 /* DRVCountryPickerViewController.m in Sources */,
				9F1C55FD1AD30CBF0028B654 /* main.m in Sources */,
			);
			runOnlyForDeploymentPostprocessing = 0;
		};
		9F1C560C1AD30CBF0028B654 /* Sources */ = {
			isa = PBXSourcesBuildPhase;
			buildActionMask = 2147483647;
			files = (
				9F1C563C1ADA80070028B654 /* DRVCountryPickerPresenter.m in Sources */,
				9F1C56381ADA7FE90028B654 /* DRVCountryPickerPresenterTests.m in Sources */,
			);
			runOnlyForDeploymentPostprocessing = 0;
		};
/* End PBXSourcesBuildPhase section */

/* Begin PBXTargetDependency section */
		9F1C56121AD30CBF0028B654 /* PBXTargetDependency */ = {
			isa = PBXTargetDependency;
			target = 9F1C55F61AD30CBF0028B654 /* CareDrive */;
			targetProxy = 9F1C56111AD30CBF0028B654 /* PBXContainerItemProxy */;
		};
/* End PBXTargetDependency section */

/* Begin PBXVariantGroup section */
		9F1C56091AD30CBF0028B654 /* LaunchScreen.xib */ = {
			isa = PBXVariantGroup;
			children = (
				9F1C560A1AD30CBF0028B654 /* Base */,
			);
			name = LaunchScreen.xib;
			sourceTree = "<group>";
		};
/* End PBXVariantGroup section */

/* Begin XCBuildConfiguration section */
		9F1C56181AD30CBF0028B654 /* Debug */ = {
			isa = XCBuildConfiguration;
			buildSettings = {
				ALWAYS_SEARCH_USER_PATHS = NO;
				CLANG_CXX_LANGUAGE_STANDARD = "gnu++0x";
				CLANG_CXX_LIBRARY = "libc++";
				CLANG_ENABLE_MODULES = YES;
				CLANG_ENABLE_OBJC_ARC = YES;
				CLANG_WARN_BOOL_CONVERSION = YES;
				CLANG_WARN_CONSTANT_CONVERSION = YES;
				CLANG_WARN_DIRECT_OBJC_ISA_USAGE = YES_ERROR;
				CLANG_WARN_EMPTY_BODY = YES;
				CLANG_WARN_ENUM_CONVERSION = YES;
				CLANG_WARN_INT_CONVERSION = YES;
				CLANG_WARN_OBJC_ROOT_CLASS = YES_ERROR;
				CLANG_WARN_UNREACHABLE_CODE = YES;
				CLANG_WARN__DUPLICATE_METHOD_MATCH = YES;
				"CODE_SIGN_IDENTITY[sdk=iphoneos*]" = "iPhone Developer";
				COPY_PHASE_STRIP = NO;
				ENABLE_STRICT_OBJC_MSGSEND = YES;
				GCC_C_LANGUAGE_STANDARD = gnu99;
				GCC_DYNAMIC_NO_PIC = NO;
				GCC_OPTIMIZATION_LEVEL = 0;
				GCC_PREPROCESSOR_DEFINITIONS = (
					"DEBUG=1",
					"$(inherited)",
				);
				GCC_SYMBOLS_PRIVATE_EXTERN = NO;
				GCC_WARN_64_TO_32_BIT_CONVERSION = YES;
				GCC_WARN_ABOUT_RETURN_TYPE = YES_ERROR;
				GCC_WARN_UNDECLARED_SELECTOR = YES;
				GCC_WARN_UNINITIALIZED_AUTOS = YES_AGGRESSIVE;
				GCC_WARN_UNUSED_FUNCTION = YES;
				GCC_WARN_UNUSED_VARIABLE = YES;
				IPHONEOS_DEPLOYMENT_TARGET = 8.1;
				MTL_ENABLE_DEBUG_INFO = YES;
				ONLY_ACTIVE_ARCH = YES;
				SDKROOT = iphoneos;
			};
			name = Debug;
		};
		9F1C56191AD30CBF0028B654 /* Release */ = {
			isa = XCBuildConfiguration;
			buildSettings = {
				ALWAYS_SEARCH_USER_PATHS = NO;
				CLANG_CXX_LANGUAGE_STANDARD = "gnu++0x";
				CLANG_CXX_LIBRARY = "libc++";
				CLANG_ENABLE_MODULES = YES;
				CLANG_ENABLE_OBJC_ARC = YES;
				CLANG_WARN_BOOL_CONVERSION = YES;
				CLANG_WARN_CONSTANT_CONVERSION = YES;
				CLANG_WARN_DIRECT_OBJC_ISA_USAGE = YES_ERROR;
				CLANG_WARN_EMPTY_BODY = YES;
				CLANG_WARN_ENUM_CONVERSION = YES;
				CLANG_WARN_INT_CONVERSION = YES;
				CLANG_WARN_OBJC_ROOT_CLASS = YES_ERROR;
				CLANG_WARN_UNREACHABLE_CODE = YES;
				CLANG_WARN__DUPLICATE_METHOD_MATCH = YES;
				"CODE_SIGN_IDENTITY[sdk=iphoneos*]" = "iPhone Developer";
				COPY_PHASE_STRIP = YES;
				ENABLE_NS_ASSERTIONS = NO;
				ENABLE_STRICT_OBJC_MSGSEND = YES;
				GCC_C_LANGUAGE_STANDARD = gnu99;
				GCC_WARN_64_TO_32_BIT_CONVERSION = YES;
				GCC_WARN_ABOUT_RETURN_TYPE = YES_ERROR;
				GCC_WARN_UNDECLARED_SELECTOR = YES;
				GCC_WARN_UNINITIALIZED_AUTOS = YES_AGGRESSIVE;
				GCC_WARN_UNUSED_FUNCTION = YES;
				GCC_WARN_UNUSED_VARIABLE = YES;
				IPHONEOS_DEPLOYMENT_TARGET = 8.1;
				MTL_ENABLE_DEBUG_INFO = NO;
				SDKROOT = iphoneos;
				VALIDATE_PRODUCT = YES;
			};
			name = Release;
		};
		9F1C561B1AD30CBF0028B654 /* Debug */ = {
			isa = XCBuildConfiguration;
			baseConfigurationReference = D05404672C0C5B5C80150DE9 /* Pods.debug.xcconfig */;
			buildSettings = {
				ASSETCATALOG_COMPILER_APPICON_NAME = AppIcon;
				INFOPLIST_FILE = CareDrive/Info.plist;
				LD_RUNPATH_SEARCH_PATHS = "$(inherited) @executable_path/Frameworks";
				PRODUCT_NAME = "$(TARGET_NAME)";
			};
			name = Debug;
		};
		9F1C561C1AD30CBF0028B654 /* Release */ = {
			isa = XCBuildConfiguration;
			baseConfigurationReference = DBDAE3162BABAB75865621D5 /* Pods.release.xcconfig */;
			buildSettings = {
				ASSETCATALOG_COMPILER_APPICON_NAME = AppIcon;
				INFOPLIST_FILE = CareDrive/Info.plist;
				LD_RUNPATH_SEARCH_PATHS = "$(inherited) @executable_path/Frameworks";
				PRODUCT_NAME = "$(TARGET_NAME)";
			};
			name = Release;
		};
		9F1C561E1AD30CBF0028B654 /* Debug */ = {
			isa = XCBuildConfiguration;
			baseConfigurationReference = D4854978D81DEA5768835AD2 /* Pods-test.debug.xcconfig */;
			buildSettings = {
				BUNDLE_LOADER = "$(TEST_HOST)";
				FRAMEWORK_SEARCH_PATHS = (
					"$(SDKROOT)/Developer/Library/Frameworks",
					"$(inherited)",
				);
				GCC_PREPROCESSOR_DEFINITIONS = (
					"DEBUG=1",
					"$(inherited)",
				);
				INFOPLIST_FILE = CareDriveTests/Info.plist;
				LD_RUNPATH_SEARCH_PATHS = "$(inherited) @executable_path/Frameworks @loader_path/Frameworks";
				PRODUCT_NAME = "$(TARGET_NAME)";
				TEST_HOST = "$(BUILT_PRODUCTS_DIR)/CareDrive.app/CareDrive";
			};
			name = Debug;
		};
		9F1C561F1AD30CBF0028B654 /* Release */ = {
			isa = XCBuildConfiguration;
			baseConfigurationReference = 65F67E4487ACB64CEEA9771F /* Pods-test.release.xcconfig */;
			buildSettings = {
				BUNDLE_LOADER = "$(TEST_HOST)";
				FRAMEWORK_SEARCH_PATHS = (
					"$(SDKROOT)/Developer/Library/Frameworks",
					"$(inherited)",
				);
				INFOPLIST_FILE = CareDriveTests/Info.plist;
				LD_RUNPATH_SEARCH_PATHS = "$(inherited) @executable_path/Frameworks @loader_path/Frameworks";
				PRODUCT_NAME = "$(TARGET_NAME)";
				TEST_HOST = "$(BUILT_PRODUCTS_DIR)/CareDrive.app/CareDrive";
			};
			name = Release;
		};
/* End XCBuildConfiguration section */

/* Begin XCConfigurationList section */
		9F1C55F21AD30CBF0028B654 /* Build configuration list for PBXProject "CareDrive" */ = {
			isa = XCConfigurationList;
			buildConfigurations = (
				9F1C56181AD30CBF0028B654 /* Debug */,
				9F1C56191AD30CBF0028B654 /* Release */,
			);
			defaultConfigurationIsVisible = 0;
			defaultConfigurationName = Release;
		};
		9F1C561A1AD30CBF0028B654 /* Build configuration list for PBXNativeTarget "CareDrive" */ = {
			isa = XCConfigurationList;
			buildConfigurations = (
				9F1C561B1AD30CBF0028B654 /* Debug */,
				9F1C561C1AD30CBF0028B654 /* Release */,
			);
			defaultConfigurationIsVisible = 0;
			defaultConfigurationName = Release;
		};
		9F1C561D1AD30CBF0028B654 /* Build configuration list for PBXNativeTarget "CareDriveTests" */ = {
			isa = XCConfigurationList;
			buildConfigurations = (
				9F1C561E1AD30CBF0028B654 /* Debug */,
				9F1C561F1AD30CBF0028B654 /* Release */,
			);
			defaultConfigurationIsVisible = 0;
			defaultConfigurationName = Release;
		};
/* End XCConfigurationList section */
	};
	rootObject = 9F1C55EF1AD30CBF0028B654 /* Project object */;
}
